
Microsoft Visual Studio Solution File, Format Version 12.00
# Visual Studio 15
VisualStudioVersion = 15.0.28306.52
MinimumVisualStudioVersion = 10.0.40219.1
Project("{FAE04EC0-301F-11D3-BF4B-00C04F79EFBC}") = "ThesisServer", "ThesisServer\ThesisServer.csproj", "{0DE76A4A-F442-4F76-AA40-D8CC2EFC3A3E}"
EndProject
Global
	GlobalSection(SolutionConfigurationPlatforms) = preSolution
		Debug|Any CPU = Debug|Any CPU
		Release|Any CPU = Release|Any CPU
	EndGlobalSection
	GlobalSection(ProjectConfigurationPlatforms) = postSolution
		{0DE76A4A-F442-4F76-AA40-D8CC2EFC3A3E}.Debug|Any CPU.ActiveCfg = Debug|Any CPU
		{0DE76A4A-F442-4F76-AA40-D8CC2EFC3A3E}.Debug|Any CPU.Build.0 = Debug|Any CPU
		{0DE76A4A-F442-4F76-AA40-D8CC2EFC3A3E}.Release|Any CPU.ActiveCfg = Release|Any CPU
		{0DE76A4A-F442-4F76-AA40-D8CC2EFC3A3E}.Release|Any CPU.Build.0 = Release|Any CPU
	EndGlobalSection
	GlobalSection(SolutionProperties) = preSolution
		HideSolutionNode = FALSE
	EndGlobalSection
	GlobalSection(ExtensibilityGlobals) = postSolution
		SolutionGuid = {749340C2-A700-479D-8684-DBD77DE24C05}
	EndGlobalSection
EndGlobal
